// !$*UTF8*$!
{
	archiveVersion = 1;
	classes = {
	};
	objectVersion = 56;
	objects = {

/* Begin PBXBuildFile section */
		976E2F562A588ED8004D089F /* CounterDemoApp.swift in Sources */ = {isa = PBXBuildFile; fileRef = 976E2F552A588ED8004D089F /* CounterDemoApp.swift */; };
		976E2F582A588ED8004D089F /* DemoView.swift in Sources */ = {isa = PBXBuildFile; fileRef = 976E2F572A588ED8004D089F /* DemoView.swift */; };
		976E2F5A2A588ED8004D089F /* Assets.xcassets in Resources */ = {isa = PBXBuildFile; fileRef = 976E2F592A588ED8004D089F /* Assets.xcassets */; };
		976E2F5E2A588ED8004D089F /* Preview Assets.xcassets in Resources */ = {isa = PBXBuildFile; fileRef = 976E2F5D2A588ED8004D089F /* Preview Assets.xcassets */; };
		976E2F682A588ED8004D089F /* CounterDemoTests.swift in Sources */ = {isa = PBXBuildFile; fileRef = 976E2F672A588ED8004D089F /* CounterDemoTests.swift */; };
		976E2F722A588ED8004D089F /* CounterDemoUITests.swift in Sources */ = {isa = PBXBuildFile; fileRef = 976E2F712A588ED8004D089F /* CounterDemoUITests.swift */; };
		976E2F742A588ED8004D089F /* CounterDemoUITestsLaunchTests.swift in Sources */ = {isa = PBXBuildFile; fileRef = 976E2F732A588ED8004D089F /* CounterDemoUITestsLaunchTests.swift */; };
		976E2F832A589112004D089F /* DemoCoordinator.swift in Sources */ = {isa = PBXBuildFile; fileRef = 976E2F822A589112004D089F /* DemoCoordinator.swift */; };
		976E2F872A65D229004D089F /* NetworkService.swift in Sources */ = {isa = PBXBuildFile; fileRef = 976E2F862A65D229004D089F /* NetworkService.swift */; };
/* End PBXBuildFile section */

/* Begin PBXContainerItemProxy section */
		976E2F642A588ED8004D089F /* PBXContainerItemProxy */ = {
			isa = PBXContainerItemProxy;
			containerPortal = 976E2F4A2A588ED7004D089F /* Project object */;
			proxyType = 1;
			remoteGlobalIDString = 976E2F512A588ED8004D089F;
			remoteInfo = CounterDemo;
		};
		976E2F6E2A588ED8004D089F /* PBXContainerItemProxy */ = {
			isa = PBXContainerItemProxy;
			containerPortal = 976E2F4A2A588ED7004D089F /* Project object */;
			proxyType = 1;
			remoteGlobalIDString = 976E2F512A588ED8004D089F;
			remoteInfo = CounterDemo;
		};
/* End PBXContainerItemProxy section */

/* Begin PBXFileReference section */
		976E2F522A588ED8004D089F /* CounterDemo.app */ = {isa = PBXFileReference; explicitFileType = wrapper.application; includeInIndex = 0; path = CounterDemo.app; sourceTree = BUILT_PRODUCTS_DIR; };
		976E2F552A588ED8004D089F /* CounterDemoApp.swift */ = {isa = PBXFileReference; lastKnownFileType = sourcecode.swift; path = CounterDemoApp.swift; sourceTree = "<group>"; };
		976E2F572A588ED8004D089F /* DemoView.swift */ = {isa = PBXFileReference; lastKnownFileType = sourcecode.swift; path = DemoView.swift; sourceTree = "<group>"; };
		976E2F592A588ED8004D089F /* Assets.xcassets */ = {isa = PBXFileReference; lastKnownFileType = folder.assetcatalog; path = Assets.xcassets; sourceTree = "<group>"; };
		976E2F5B2A588ED8004D089F /* CounterDemo.entitlements */ = {isa = PBXFileReference; lastKnownFileType = text.plist.entitlements; path = CounterDemo.entitlements; sourceTree = "<group>"; };
		976E2F5D2A588ED8004D089F /* Preview Assets.xcassets */ = {isa = PBXFileReference; lastKnownFileType = folder.assetcatalog; path = "Preview Assets.xcassets"; sourceTree = "<group>"; };
		976E2F632A588ED8004D089F /* CounterDemoTests.xctest */ = {isa = PBXFileReference; explicitFileType = wrapper.cfbundle; includeInIndex = 0; path = CounterDemoTests.xctest; sourceTree = BUILT_PRODUCTS_DIR; };
		976E2F672A588ED8004D089F /* CounterDemoTests.swift */ = {isa = PBXFileReference; lastKnownFileType = sourcecode.swift; path = CounterDemoTests.swift; sourceTree = "<group>"; };
		976E2F6D2A588ED8004D089F /* CounterDemoUITests.xctest */ = {isa = PBXFileReference; explicitFileType = wrapper.cfbundle; includeInIndex = 0; path = CounterDemoUITests.xctest; sourceTree = BUILT_PRODUCTS_DIR; };
		976E2F712A588ED8004D089F /* CounterDemoUITests.swift */ = {isa = PBXFileReference; lastKnownFileType = sourcecode.swift; path = CounterDemoUITests.swift; sourceTree = "<group>"; };
		976E2F732A588ED8004D089F /* CounterDemoUITestsLaunchTests.swift */ = {isa = PBXFileReference; lastKnownFileType = sourcecode.swift; path = CounterDemoUITestsLaunchTests.swift; sourceTree = "<group>"; };
		976E2F822A589112004D089F /* DemoCoordinator.swift */ = {isa = PBXFileReference; lastKnownFileType = sourcecode.swift; path = DemoCoordinator.swift; sourceTree = "<group>"; };
		976E2F862A65D229004D089F /* NetworkService.swift */ = {isa = PBXFileReference; lastKnownFileType = sourcecode.swift; path = NetworkService.swift; sourceTree = "<group>"; };
/* End PBXFileReference section */

/* Begin PBXFrameworksBuildPhase section */
		976E2F4F2A588ED8004D089F /* Frameworks */ = {
			isa = PBXFrameworksBuildPhase;
			buildActionMask = 2147483647;
			files = (
			);
			runOnlyForDeploymentPostprocessing = 0;
		};
		976E2F602A588ED8004D089F /* Frameworks */ = {
			isa = PBXFrameworksBuildPhase;
			buildActionMask = 2147483647;
			files = (
			);
			runOnlyForDeploymentPostprocessing = 0;
		};
		976E2F6A2A588ED8004D089F /* Frameworks */ = {
			isa = PBXFrameworksBuildPhase;
			buildActionMask = 2147483647;
			files = (
			);
			runOnlyForDeploymentPostprocessing = 0;
		};
/* End PBXFrameworksBuildPhase section */

/* Begin PBXGroup section */
		976E2F492A588ED7004D089F = {
			isa = PBXGroup;
			children = (
				976E2F542A588ED8004D089F /* CounterDemo */,
				976E2F662A588ED8004D089F /* CounterDemoTests */,
				976E2F702A588ED8004D089F /* CounterDemoUITests */,
				976E2F532A588ED8004D089F /* Products */,
			);
			sourceTree = "<group>";
		};
		976E2F532A588ED8004D089F /* Products */ = {
			isa = PBXGroup;
			children = (
				976E2F522A588ED8004D089F /* CounterDemo.app */,
				976E2F632A588ED8004D089F /* CounterDemoTests.xctest */,
				976E2F6D2A588ED8004D089F /* CounterDemoUITests.xctest */,
			);
			name = Products;
			sourceTree = "<group>";
		};
		976E2F542A588ED8004D089F /* CounterDemo */ = {
			isa = PBXGroup;
			children = (
				976E2F552A588ED8004D089F /* CounterDemoApp.swift */,
				976E2F572A588ED8004D089F /* DemoView.swift */,
				976E2F592A588ED8004D089F /* Assets.xcassets */,
				976E2F5B2A588ED8004D089F /* CounterDemo.entitlements */,
				976E2F5C2A588ED8004D089F /* Preview Content */,
				976E2F822A589112004D089F /* DemoCoordinator.swift */,
				976E2F862A65D229004D089F /* NetworkService.swift */,
			);
			path = CounterDemo;
			sourceTree = "<group>";
		};
		976E2F5C2A588ED8004D089F /* Preview Content */ = {
			isa = PBXGroup;
			children = (
				976E2F5D2A588ED8004D089F /* Preview Assets.xcassets */,
			);
			path = "Preview Content";
			sourceTree = "<group>";
		};
		976E2F662A588ED8004D089F /* CounterDemoTests */ = {
			isa = PBXGroup;
			children = (
				976E2F672A588ED8004D089F /* CounterDemoTests.swift */,
			);
			path = CounterDemoTests;
			sourceTree = "<group>";
		};
		976E2F702A588ED8004D089F /* CounterDemoUITests */ = {
			isa = PBXGroup;
			children = (
				976E2F712A588ED8004D089F /* CounterDemoUITests.swift */,
				976E2F732A588ED8004D089F /* CounterDemoUITestsLaunchTests.swift */,
			);
			path = CounterDemoUITests;
			sourceTree = "<group>";
		};
/* End PBXGroup section */

/* Begin PBXNativeTarget section */
		976E2F512A588ED8004D089F /* CounterDemo */ = {
			isa = PBXNativeTarget;
			buildConfigurationList = 976E2F772A588ED8004D089F /* Build configuration list for PBXNativeTarget "CounterDemo" */;
			buildPhases = (
				976E2F4E2A588ED8004D089F /* Sources */,
				976E2F4F2A588ED8004D089F /* Frameworks */,
				976E2F502A588ED8004D089F /* Resources */,
			);
			buildRules = (
			);
			dependencies = (
			);
			name = CounterDemo;
			productName = CounterDemo;
			productReference = 976E2F522A588ED8004D089F /* CounterDemo.app */;
			productType = "com.apple.product-type.application";
		};
		976E2F622A588ED8004D089F /* CounterDemoTests */ = {
			isa = PBXNativeTarget;
			buildConfigurationList = 976E2F7A2A588ED8004D089F /* Build configuration list for PBXNativeTarget "CounterDemoTests" */;
			buildPhases = (
				976E2F5F2A588ED8004D089F /* Sources */,
				976E2F602A588ED8004D089F /* Frameworks */,
				976E2F612A588ED8004D089F /* Resources */,
			);
			buildRules = (
			);
			dependencies = (
				976E2F652A588ED8004D089F /* PBXTargetDependency */,
			);
			name = CounterDemoTests;
			productName = CounterDemoTests;
			productReference = 976E2F632A588ED8004D089F /* CounterDemoTests.xctest */;
			productType = "com.apple.product-type.bundle.unit-test";
		};
		976E2F6C2A588ED8004D089F /* CounterDemoUITests */ = {
			isa = PBXNativeTarget;
			buildConfigurationList = 976E2F7D2A588ED8004D089F /* Build configuration list for PBXNativeTarget "CounterDemoUITests" */;
			buildPhases = (
				976E2F692A588ED8004D089F /* Sources */,
				976E2F6A2A588ED8004D089F /* Frameworks */,
				976E2F6B2A588ED8004D089F /* Resources */,
			);
			buildRules = (
			);
			dependencies = (
				976E2F6F2A588ED8004D089F /* PBXTargetDependency */,
			);
			name = CounterDemoUITests;
			productName = CounterDemoUITests;
			productReference = 976E2F6D2A588ED8004D089F /* CounterDemoUITests.xctest */;
			productType = "com.apple.product-type.bundle.ui-testing";
		};
/* End PBXNativeTarget section */

/* Begin PBXProject section */
		976E2F4A2A588ED7004D089F /* Project object */ = {
			isa = PBXProject;
			attributes = {
				BuildIndependentTargetsInParallel = 1;
				LastSwiftUpdateCheck = 1430;
				LastUpgradeCheck = 1430;
				TargetAttributes = {
					976E2F512A588ED8004D089F = {
						CreatedOnToolsVersion = 14.3.1;
					};
					976E2F622A588ED8004D089F = {
						CreatedOnToolsVersion = 14.3.1;
						TestTargetID = 976E2F512A588ED8004D089F;
					};
					976E2F6C2A588ED8004D089F = {
						CreatedOnToolsVersion = 14.3.1;
						TestTargetID = 976E2F512A588ED8004D089F;
					};
				};
			};
			buildConfigurationList = 976E2F4D2A588ED7004D089F /* Build configuration list for PBXProject "CounterDemo" */;
			compatibilityVersion = "Xcode 14.0";
			developmentRegion = en;
			hasScannedForEncodings = 0;
			knownRegions = (
				en,
				Base,
			);
			mainGroup = 976E2F492A588ED7004D089F;
			productRefGroup = 976E2F532A588ED8004D089F /* Products */;
			projectDirPath = "";
			projectRoot = "";
			targets = (
				976E2F512A588ED8004D089F /* CounterDemo */,
				976E2F622A588ED8004D089F /* CounterDemoTests */,
				976E2F6C2A588ED8004D089F /* CounterDemoUITests */,
			);
		};
/* End PBXProject section */

/* Begin PBXResourcesBuildPhase section */
		976E2F502A588ED8004D089F /* Resources */ = {
			isa = PBXResourcesBuildPhase;
			buildActionMask = 2147483647;
			files = (
				976E2F5E2A588ED8004D089F /* Preview Assets.xcassets in Resources */,
				976E2F5A2A588ED8004D089F /* Assets.xcassets in Resources */,
			);
			runOnlyForDeploymentPostprocessing = 0;
		};
		976E2F612A588ED8004D089F /* Resources */ = {
			isa = PBXResourcesBuildPhase;
			buildActionMask = 2147483647;
			files = (
			);
			runOnlyForDeploymentPostprocessing = 0;
		};
		976E2F6B2A588ED8004D089F /* Resources */ = {
			isa = PBXResourcesBuildPhase;
			buildActionMask = 2147483647;
			files = (
			);
			runOnlyForDeploymentPostprocessing = 0;
		};
/* End PBXResourcesBuildPhase section */

/* Begin PBXSourcesBuildPhase section */
		976E2F4E2A588ED8004D089F /* Sources */ = {
			isa = PBXSourcesBuildPhase;
			buildActionMask = 2147483647;
			files = (
				976E2F582A588ED8004D089F /* DemoView.swift in Sources */,
				976E2F832A589112004D089F /* DemoCoordinator.swift in Sources */,
				976E2F872A65D229004D089F /* NetworkService.swift in Sources */,
				976E2F562A588ED8004D089F /* CounterDemoApp.swift in Sources */,
			);
			runOnlyForDeploymentPostprocessing = 0;
		};
		976E2F5F2A588ED8004D089F /* Sources */ = {
			isa = PBXSourcesBuildPhase;
			buildActionMask = 2147483647;
			files = (
				976E2F682A588ED8004D089F /* CounterDemoTests.swift in Sources */,
			);
			runOnlyForDeploymentPostprocessing = 0;
		};
		976E2F692A588ED8004D089F /* Sources */ = {
			isa = PBXSourcesBuildPhase;
			buildActionMask = 2147483647;
			files = (
				976E2F742A588ED8004D089F /* CounterDemoUITestsLaunchTests.swift in Sources */,
				976E2F722A588ED8004D089F /* CounterDemoUITests.swift in Sources */,
			);
			runOnlyForDeploymentPostprocessing = 0;
		};
/* End PBXSourcesBuildPhase section */

/* Begin PBXTargetDependency section */
		976E2F652A588ED8004D089F /* PBXTargetDependency */ = {
			isa = PBXTargetDependency;
			target = 976E2F512A588ED8004D089F /* CounterDemo */;
			targetProxy = 976E2F642A588ED8004D089F /* PBXContainerItemProxy */;
		};
		976E2F6F2A588ED8004D089F /* PBXTargetDependency */ = {
			isa = PBXTargetDependency;
			target = 976E2F512A588ED8004D089F /* CounterDemo */;
			targetProxy = 976E2F6E2A588ED8004D089F /* PBXContainerItemProxy */;
		};
/* End PBXTargetDependency section */

/* Begin XCBuildConfiguration section */
		976E2F752A588ED8004D089F /* Debug */ = {
			isa = XCBuildConfiguration;
			buildSettings = {
				ALWAYS_SEARCH_USER_PATHS = NO;
				CLANG_ANALYZER_NONNULL = YES;
				CLANG_ANALYZER_NUMBER_OBJECT_CONVERSION = YES_AGGRESSIVE;
				CLANG_CXX_LANGUAGE_STANDARD = "gnu++20";
				CLANG_ENABLE_MODULES = YES;
				CLANG_ENABLE_OBJC_ARC = YES;
				CLANG_ENABLE_OBJC_WEAK = YES;
				CLANG_WARN_BLOCK_CAPTURE_AUTORELEASING = YES;
				CLANG_WARN_BOOL_CONVERSION = YES;
				CLANG_WARN_COMMA = YES;
				CLANG_WARN_CONSTANT_CONVERSION = YES;
				CLANG_WARN_DEPRECATED_OBJC_IMPLEMENTATIONS = YES;
				CLANG_WARN_DIRECT_OBJC_ISA_USAGE = YES_ERROR;
				CLANG_WARN_DOCUMENTATION_COMMENTS = YES;
				CLANG_WARN_EMPTY_BODY = YES;
				CLANG_WARN_ENUM_CONVERSION = YES;
				CLANG_WARN_INFINITE_RECURSION = YES;
				CLANG_WARN_INT_CONVERSION = YES;
				CLANG_WARN_NON_LITERAL_NULL_CONVERSION = YES;
				CLANG_WARN_OBJC_IMPLICIT_RETAIN_SELF = YES;
				CLANG_WARN_OBJC_LITERAL_CONVERSION = YES;
				CLANG_WARN_OBJC_ROOT_CLASS = YES_ERROR;
				CLANG_WARN_QUOTED_INCLUDE_IN_FRAMEWORK_HEADER = YES;
				CLANG_WARN_RANGE_LOOP_ANALYSIS = YES;
				CLANG_WARN_STRICT_PROTOTYPES = YES;
				CLANG_WARN_SUSPICIOUS_MOVE = YES;
				CLANG_WARN_UNGUARDED_AVAILABILITY = YES_AGGRESSIVE;
				CLANG_WARN_UNREACHABLE_CODE = YES;
				CLANG_WARN__DUPLICATE_METHOD_MATCH = YES;
				COPY_PHASE_STRIP = NO;
				DEBUG_INFORMATION_FORMAT = dwarf;
				ENABLE_STRICT_OBJC_MSGSEND = YES;
				ENABLE_TESTABILITY = YES;
				GCC_C_LANGUAGE_STANDARD = gnu11;
				GCC_DYNAMIC_NO_PIC = NO;
				GCC_NO_COMMON_BLOCKS = YES;
				GCC_OPTIMIZATION_LEVEL = 0;
				GCC_PREPROCESSOR_DEFINITIONS = (
					"DEBUG=1",
					"$(inherited)",
				);
				GCC_WARN_64_TO_32_BIT_CONVERSION = YES;
				GCC_WARN_ABOUT_RETURN_TYPE = YES_ERROR;
				GCC_WARN_UNDECLARED_SELECTOR = YES;
				GCC_WARN_UNINITIALIZED_AUTOS = YES_AGGRESSIVE;
				GCC_WARN_UNUSED_FUNCTION = YES;
				GCC_WARN_UNUSED_VARIABLE = YES;
				MTL_ENABLE_DEBUG_INFO = INCLUDE_SOURCE;
				MTL_FAST_MATH = YES;
				ONLY_ACTIVE_ARCH = YES;
				SWIFT_ACTIVE_COMPILATION_CONDITIONS = DEBUG;
				SWIFT_OPTIMIZATION_LEVEL = "-Onone";
			};
			name = Debug;
		};
		976E2F762A588ED8004D089F /* Release */ = {
			isa = XCBuildConfiguration;
			buildSettings = {
				ALWAYS_SEARCH_USER_PATHS = NO;
				CLANG_ANALYZER_NONNULL = YES;
				CLANG_ANALYZER_NUMBER_OBJECT_CONVERSION = YES_AGGRESSIVE;
				CLANG_CXX_LANGUAGE_STANDARD = "gnu++20";
				CLANG_ENABLE_MODULES = YES;
				CLANG_ENABLE_OBJC_ARC = YES;
				CLANG_ENABLE_OBJC_WEAK = YES;
				CLANG_WARN_BLOCK_CAPTURE_AUTORELEASING = YES;
				CLANG_WARN_BOOL_CONVERSION = YES;
				CLANG_WARN_COMMA = YES;
				CLANG_WARN_CONSTANT_CONVERSION = YES;
				CLANG_WARN_DEPRECATED_OBJC_IMPLEMENTATIONS = YES;
				CLANG_WARN_DIRECT_OBJC_ISA_USAGE = YES_ERROR;
				CLANG_WARN_DOCUMENTATION_COMMENTS = YES;
				CLANG_WARN_EMPTY_BODY = YES;
				CLANG_WARN_ENUM_CONVERSION = YES;
				CLANG_WARN_INFINITE_RECURSION = YES;
				CLANG_WARN_INT_CONVERSION = YES;
				CLANG_WARN_NON_LITERAL_NULL_CONVERSION = YES;
				CLANG_WARN_OBJC_IMPLICIT_RETAIN_SELF = YES;
				CLANG_WARN_OBJC_LITERAL_CONVERSION = YES;
				CLANG_WARN_OBJC_ROOT_CLASS = YES_ERROR;
				CLANG_WARN_QUOTED_INCLUDE_IN_FRAMEWORK_HEADER = YES;
				CLANG_WARN_RANGE_LOOP_ANALYSIS = YES;
				CLANG_WARN_STRICT_PROTOTYPES = YES;
				CLANG_WARN_SUSPICIOUS_MOVE = YES;
				CLANG_WARN_UNGUARDED_AVAILABILITY = YES_AGGRESSIVE;
				CLANG_WARN_UNREACHABLE_CODE = YES;
				CLANG_WARN__DUPLICATE_METHOD_MATCH = YES;
				COPY_PHASE_STRIP = NO;
				DEBUG_INFORMATION_FORMAT = "dwarf-with-dsym";
				ENABLE_NS_ASSERTIONS = NO;
				ENABLE_STRICT_OBJC_MSGSEND = YES;
				GCC_C_LANGUAGE_STANDARD = gnu11;
				GCC_NO_COMMON_BLOCKS = YES;
				GCC_WARN_64_TO_32_BIT_CONVERSION = YES;
				GCC_WARN_ABOUT_RETURN_TYPE = YES_ERROR;
				GCC_WARN_UNDECLARED_SELECTOR = YES;
				GCC_WARN_UNINITIALIZED_AUTOS = YES_AGGRESSIVE;
				GCC_WARN_UNUSED_FUNCTION = YES;
				GCC_WARN_UNUSED_VARIABLE = YES;
				MTL_ENABLE_DEBUG_INFO = NO;
				MTL_FAST_MATH = YES;
				SWIFT_COMPILATION_MODE = wholemodule;
				SWIFT_OPTIMIZATION_LEVEL = "-O";
			};
			name = Release;
		};
		976E2F782A588ED8004D089F /* Debug */ = {
			isa = XCBuildConfiguration;
			buildSettings = {
				ASSETCATALOG_COMPILER_APPICON_NAME = AppIcon;
				ASSETCATALOG_COMPILER_GLOBAL_ACCENT_COLOR_NAME = AccentColor;
				CODE_SIGN_ENTITLEMENTS = CounterDemo/CounterDemo.entitlements;
				CODE_SIGN_STYLE = Automatic;
				CURRENT_PROJECT_VERSION = 1;
				DEVELOPMENT_ASSET_PATHS = "\"CounterDemo/Preview Content\"";
				DEVELOPMENT_TEAM = 5HS3X6858M;
				ENABLE_HARDENED_RUNTIME = YES;
				ENABLE_PREVIEWS = YES;
				GENERATE_INFOPLIST_FILE = YES;
				"INFOPLIST_KEY_UIApplicationSceneManifest_Generation[sdk=iphoneos*]" = YES;
				"INFOPLIST_KEY_UIApplicationSceneManifest_Generation[sdk=iphonesimulator*]" = YES;
				"INFOPLIST_KEY_UIApplicationSupportsIndirectInputEvents[sdk=iphoneos*]" = YES;
				"INFOPLIST_KEY_UIApplicationSupportsIndirectInputEvents[sdk=iphonesimulator*]" = YES;
				"INFOPLIST_KEY_UILaunchScreen_Generation[sdk=iphoneos*]" = YES;
				"INFOPLIST_KEY_UILaunchScreen_Generation[sdk=iphonesimulator*]" = YES;
				"INFOPLIST_KEY_UIStatusBarStyle[sdk=iphoneos*]" = UIStatusBarStyleDefault;
				"INFOPLIST_KEY_UIStatusBarStyle[sdk=iphonesimulator*]" = UIStatusBarStyleDefault;
				INFOPLIST_KEY_UISupportedInterfaceOrientations_iPad = "UIInterfaceOrientationPortrait UIInterfaceOrientationPortraitUpsideDown UIInterfaceOrientationLandscapeLeft UIInterfaceOrientationLandscapeRight";
				INFOPLIST_KEY_UISupportedInterfaceOrientations_iPhone = "UIInterfaceOrientationPortrait UIInterfaceOrientationLandscapeLeft UIInterfaceOrientationLandscapeRight";
				IPHONEOS_DEPLOYMENT_TARGET = 16.4;
				LD_RUNPATH_SEARCH_PATHS = "@executable_path/Frameworks";
				"LD_RUNPATH_SEARCH_PATHS[sdk=macosx*]" = "@executable_path/../Frameworks";
				MACOSX_DEPLOYMENT_TARGET = 13.3;
				MARKETING_VERSION = 1.0;
				PRODUCT_BUNDLE_IDENTIFIER = com.colinsmith.CounterDemo;
				PRODUCT_NAME = "$(TARGET_NAME)";
				SDKROOT = auto;
				SUPPORTED_PLATFORMS = "iphoneos iphonesimulator macosx";
				SWIFT_EMIT_LOC_STRINGS = YES;
				SWIFT_VERSION = 5.0;
				TARGETED_DEVICE_FAMILY = "1,2";
			};
			name = Debug;
		};
		976E2F792A588ED8004D089F /* Release */ = {
			isa = XCBuildConfiguration;
			buildSettings = {
				ASSETCATALOG_COMPILER_APPICON_NAME = AppIcon;
				ASSETCATALOG_COMPILER_GLOBAL_ACCENT_COLOR_NAME = AccentColor;
				CODE_SIGN_ENTITLEMENTS = CounterDemo/CounterDemo.entitlements;
				CODE_SIGN_STYLE = Automatic;
				CURRENT_PROJECT_VERSION = 1;
				DEVELOPMENT_ASSET_PATHS = "\"CounterDemo/Preview Content\"";
				DEVELOPMENT_TEAM = 5HS3X6858M;
				ENABLE_HARDENED_RUNTIME = YES;
				ENABLE_PREVIEWS = YES;
				GENERATE_INFOPLIST_FILE = YES;
				"INFOPLIST_KEY_UIApplicationSceneManifest_Generation[sdk=iphoneos*]" = YES;
				"INFOPLIST_KEY_UIApplicationSceneManifest_Generation[sdk=iphonesimulator*]" = YES;
				"INFOPLIST_KEY_UIApplicationSupportsIndirectInputEvents[sdk=iphoneos*]" = YES;
				"INFOPLIST_KEY_UIApplicationSupportsIndirectInputEvents[sdk=iphonesimulator*]" = YES;
				"INFOPLIST_KEY_UILaunchScreen_Generation[sdk=iphoneos*]" = YES;
				"INFOPLIST_KEY_UILaunchScreen_Generation[sdk=iphonesimulator*]" = YES;
				"INFOPLIST_KEY_UIStatusBarStyle[sdk=iphoneos*]" = UIStatusBarStyleDefault;
				"INFOPLIST_KEY_UIStatusBarStyle[sdk=iphonesimulator*]" = UIStatusBarStyleDefault;
				INFOPLIST_KEY_UISupportedInterfaceOrientations_iPad = "UIInterfaceOrientationPortrait UIInterfaceOrientationPortraitUpsideDown UIInterfaceOrientationLandscapeLeft UIInterfaceOrientationLandscapeRight";
				INFOPLIST_KEY_UISupportedInterfaceOrientations_iPhone = "UIInterfaceOrientationPortrait UIInterfaceOrientationLandscapeLeft UIInterfaceOrientationLandscapeRight";
				IPHONEOS_DEPLOYMENT_TARGET = 16.4;
				LD_RUNPATH_SEARCH_PATHS = "@executable_path/Frameworks";
				"LD_RUNPATH_SEARCH_PATHS[sdk=macosx*]" = "@executable_path/../Frameworks";
				MACOSX_DEPLOYMENT_TARGET = 13.3;
				MARKETING_VERSION = 1.0;
				PRODUCT_BUNDLE_IDENTIFIER = com.colinsmith.CounterDemo;
				PRODUCT_NAME = "$(TARGET_NAME)";
				SDKROOT = auto;
				SUPPORTED_PLATFORMS = "iphoneos iphonesimulator macosx";
				SWIFT_EMIT_LOC_STRINGS = YES;
				SWIFT_VERSION = 5.0;
				TARGETED_DEVICE_FAMILY = "1,2";
			};
			name = Release;
		};
		976E2F7B2A588ED8004D089F /* Debug */ = {
			isa = XCBuildConfiguration;
			buildSettings = {
				ALWAYS_EMBED_SWIFT_STANDARD_LIBRARIES = YES;
				BUNDLE_LOADER = "$(TEST_HOST)";
				CODE_SIGN_STYLE = Automatic;
				CURRENT_PROJECT_VERSION = 1;
				DEVELOPMENT_TEAM = 5HS3X6858M;
				GENERATE_INFOPLIST_FILE = YES;
				IPHONEOS_DEPLOYMENT_TARGET = 16.4;
				MACOSX_DEPLOYMENT_TARGET = 13.3;
				MARKETING_VERSION = 1.0;
				PRODUCT_BUNDLE_IDENTIFIER = com.colinsmith.CounterDemoTests;
				PRODUCT_NAME = "$(TARGET_NAME)";
				SDKROOT = auto;
				SUPPORTED_PLATFORMS = "iphoneos iphonesimulator macosx";
				SWIFT_EMIT_LOC_STRINGS = NO;
				SWIFT_VERSION = 5.0;
				TARGETED_DEVICE_FAMILY = "1,2";
				TEST_HOST = "$(BUILT_PRODUCTS_DIR)/CounterDemo.app/$(BUNDLE_EXECUTABLE_FOLDER_PATH)/CounterDemo";
			};
			name = Debug;
		};
		976E2F7C2A588ED8004D089F /* Release */ = {
			isa = XCBuildConfiguration;
			buildSettings = {
				ALWAYS_EMBED_SWIFT_STANDARD_LIBRARIES = YES;
				BUNDLE_LOADER = "$(TEST_HOST)";
				CODE_SIGN_STYLE = Automatic;
				CURRENT_PROJECT_VERSION = 1;
				DEVELOPMENT_TEAM = 5HS3X6858M;
				GENERATE_INFOPLIST_FILE = YES;
				IPHONEOS_DEPLOYMENT_TARGET = 16.4;
				MACOSX_DEPLOYMENT_TARGET = 13.3;
				MARKETING_VERSION = 1.0;
				PRODUCT_BUNDLE_IDENTIFIER = com.colinsmith.CounterDemoTests;
				PRODUCT_NAME = "$(TARGET_NAME)";
				SDKROOT = auto;
				SUPPORTED_PLATFORMS = "iphoneos iphonesimulator macosx";
				SWIFT_EMIT_LOC_STRINGS = NO;
				SWIFT_VERSION = 5.0;
				TARGETED_DEVICE_FAMILY = "1,2";
				TEST_HOST = "$(BUILT_PRODUCTS_DIR)/CounterDemo.app/$(BUNDLE_EXECUTABLE_FOLDER_PATH)/CounterDemo";
			};
			name = Release;
		};
		976E2F7E2A588ED8004D089F /* Debug */ = {
			isa = XCBuildConfiguration;
			buildSettings = {
				ALWAYS_EMBED_SWIFT_STANDARD_LIBRARIES = YES;
				CODE_SIGN_STYLE = Automatic;
				CURRENT_PROJECT_VERSION = 1;
				DEVELOPMENT_TEAM = 5HS3X6858M;
				GENERATE_INFOPLIST_FILE = YES;
				IPHONEOS_DEPLOYMENT_TARGET = 16.4;
				MACOSX_DEPLOYMENT_TARGET = 13.3;
				MARKETING_VERSION = 1.0;
				PRODUCT_BUNDLE_IDENTIFIER = com.colinsmith.CounterDemoUITests;
				PRODUCT_NAME = "$(TARGET_NAME)";
				SDKROOT = auto;
				SUPPORTED_PLATFORMS = "iphoneos iphonesimulator macosx";
				SWIFT_EMIT_LOC_STRINGS = NO;
				SWIFT_VERSION = 5.0;
				TARGETED_DEVICE_FAMILY = "1,2";
				TEST_TARGET_NAME = CounterDemo;
			};
			name = Debug;
		};
		976E2F7F2A588ED8004D089F /* Release */ = {
			isa = XCBuildConfiguration;
			buildSettings = {
				ALWAYS_EMBED_SWIFT_STANDARD_LIBRARIES = YES;
				CODE_SIGN_STYLE = Automatic;
				CURRENT_PROJECT_VERSION = 1;
				DEVELOPMENT_TEAM = 5HS3X6858M;
				GENERATE_INFOPLIST_FILE = YES;
				IPHONEOS_DEPLOYMENT_TARGET = 16.4;
				MACOSX_DEPLOYMENT_TARGET = 13.3;
				MARKETING_VERSION = 1.0;
				PRODUCT_BUNDLE_IDENTIFIER = com.colinsmith.CounterDemoUITests;
				PRODUCT_NAME = "$(TARGET_NAME)";
				SDKROOT = auto;
				SUPPORTED_PLATFORMS = "iphoneos iphonesimulator macosx";
				SWIFT_EMIT_LOC_STRINGS = NO;
				SWIFT_VERSION = 5.0;
				TARGETED_DEVICE_FAMILY = "1,2";
				TEST_TARGET_NAME = CounterDemo;
			};
			name = Release;
		};
/* End XCBuildConfiguration section */

/* Begin XCConfigurationList section */
		976E2F4D2A588ED7004D089F /* Build configuration list for PBXProject "CounterDemo" */ = {
			isa = XCConfigurationList;
			buildConfigurations = (
				976E2F752A588ED8004D089F /* Debug */,
				976E2F762A588ED8004D089F /* Release */,
			);
			defaultConfigurationIsVisible = 0;
			defaultConfigurationName = Release;
		};
		976E2F772A588ED8004D089F /* Build configuration list for PBXNativeTarget "CounterDemo" */ = {
			isa = XCConfigurationList;
			buildConfigurations = (
				976E2F782A588ED8004D089F /* Debug */,
				976E2F792A588ED8004D089F /* Release */,
			);
			defaultConfigurationIsVisible = 0;
			defaultConfigurationName = Release;
		};
		976E2F7A2A588ED8004D089F /* Build configuration list for PBXNativeTarget "CounterDemoTests" */ = {
			isa = XCConfigurationList;
			buildConfigurations = (
				976E2F7B2A588ED8004D089F /* Debug */,
				976E2F7C2A588ED8004D089F /* Release */,
			);
			defaultConfigurationIsVisible = 0;
			defaultConfigurationName = Release;
		};
		976E2F7D2A588ED8004D089F /* Build configuration list for PBXNativeTarget "CounterDemoUITests" */ = {
			isa = XCConfigurationList;
			buildConfigurations = (
				976E2F7E2A588ED8004D089F /* Debug */,
				976E2F7F2A588ED8004D089F /* Release */,
			);
			defaultConfigurationIsVisible = 0;
			defaultConfigurationName = Release;
		};
/* End XCConfigurationList section */
	};
	rootObject = 976E2F4A2A588ED7004D089F /* Project object */;
}
